
Microsoft Visual Studio Solution File, Format Version 12.00
# Visual Studio Version 16
VisualStudioVersion = 16.0.31727.386
MinimumVisualStudioVersion = 10.0.40219.1
Project("{FAE04EC0-301F-11D3-BF4B-00C04F79EFBC}") = "LogTimeSheet", "LogTimeSheet\LogTimeSheet.csproj", "{FE76CD57-76A2-4429-97F6-36B502606298}"
EndProject
Project("{2150E333-8FDC-42A3-9474-1A3956D46DE8}") = "Solution Items", "Solution Items", "{4F3032FC-74F9-40FF-A2AF-E20958711EB1}"
	ProjectSection(SolutionItems) = preProject
		.editorconfig = .editorconfig
	EndProjectSection
EndProject
Global
	GlobalSection(SolutionConfigurationPlatforms) = preSolution
		Debug|Any CPU = Debug|Any CPU
		Release|Any CPU = Release|Any CPU
	EndGlobalSection
	GlobalSection(ProjectConfigurationPlatforms) = postSolution
		{FE76CD57-76A2-4429-97F6-36B502606298}.Debug|Any CPU.ActiveCfg = Debug|Any CPU
		{FE76CD57-76A2-4429-97F6-36B502606298}.Debug|Any CPU.Build.0 = Debug|Any CPU
		{FE76CD57-76A2-4429-97F6-36B502606298}.Release|Any CPU.ActiveCfg = Release|Any CPU
		{FE76CD57-76A2-4429-97F6-36B502606298}.Release|Any CPU.Build.0 = Release|Any CPU
	EndGlobalSection
	GlobalSection(SolutionProperties) = preSolution
		HideSolutionNode = FALSE
	EndGlobalSection
	GlobalSection(ExtensibilityGlobals) = postSolution
		SolutionGuid = {9EA997EB-9B31-4988-907F-9B2CBCCB9512}
	EndGlobalSection
EndGlobal
